
Microsoft Visual Studio Solution File, Format Version 12.00
# Visual Studio Version 17
VisualStudioVersion = 17.5.002.0
MinimumVisualStudioVersion = 10.0.40219.1
Project("{9A19103F-16F7-4668-BE54-9A1E7A4F7556}") = "Homework_1.1", "Homework_1.1.csproj", "{BBB55D8F-7345-4B34-809A-7A37C6C79229}"
EndProject
Global
	GlobalSection(SolutionConfigurationPlatforms) = preSolution
		Debug|Any CPU = Debug|Any CPU
		Release|Any CPU = Release|Any CPU
	EndGlobalSection
	GlobalSection(ProjectConfigurationPlatforms) = postSolution
		{BBB55D8F-7345-4B34-809A-7A37C6C79229}.Debug|Any CPU.ActiveCfg = Debug|Any CPU
		{BBB55D8F-7345-4B34-809A-7A37C6C79229}.Debug|Any CPU.Build.0 = Debug|Any CPU
		{BBB55D8F-7345-4B34-809A-7A37C6C79229}.Release|Any CPU.ActiveCfg = Release|Any CPU
		{BBB55D8F-7345-4B34-809A-7A37C6C79229}.Release|Any CPU.Build.0 = Release|Any CPU
	EndGlobalSection
	GlobalSection(SolutionProperties) = preSolution
		HideSolutionNode = FALSE
	EndGlobalSection
	GlobalSection(ExtensibilityGlobals) = postSolution
		SolutionGuid = {DBC73325-36E6-4ABA-A20C-3053237F43DA}
	EndGlobalSection
EndGlobal
